// !$*UTF8*$!
{
	archiveVersion = 1;
	classes = {
	};
	objectVersion = 50;
	objects = {

/* Begin PBXBuildFile section */
		0B386E2822837322002B27C0 /* DLRadioButton.framework in Frameworks */ = {isa = PBXBuildFile; fileRef = 0B386E2722837322002B27C0 /* DLRadioButton.framework */; };
		0B490970226522320049BE2E /* MenuModel.swift in Sources */ = {isa = PBXBuildFile; fileRef = 0B49096F226522320049BE2E /* MenuModel.swift */; };
		0B490972226522DE0049BE2E /* MenuData.swift in Sources */ = {isa = PBXBuildFile; fileRef = 0B490971226522DE0049BE2E /* MenuData.swift */; };
		0B49097422678BD40049BE2E /* SelectFoodItemTableViewController.swift in Sources */ = {isa = PBXBuildFile; fileRef = 0B49097322678BD40049BE2E /* SelectFoodItemTableViewController.swift */; };
		0B4F22512257AD8B00995DAB /* AppDelegate.swift in Sources */ = {isa = PBXBuildFile; fileRef = 0B4F22502257AD8B00995DAB /* AppDelegate.swift */; };
		0B4F22532257AD8B00995DAB /* ViewController.swift in Sources */ = {isa = PBXBuildFile; fileRef = 0B4F22522257AD8B00995DAB /* ViewController.swift */; };
		0B4F22562257AD8B00995DAB /* Main.storyboard in Resources */ = {isa = PBXBuildFile; fileRef = 0B4F22542257AD8B00995DAB /* Main.storyboard */; };
		0B4F22582257AD9800995DAB /* Assets.xcassets in Resources */ = {isa = PBXBuildFile; fileRef = 0B4F22572257AD9800995DAB /* Assets.xcassets */; };
		0B4F225B2257AD9800995DAB /* LaunchScreen.storyboard in Resources */ = {isa = PBXBuildFile; fileRef = 0B4F22592257AD9800995DAB /* LaunchScreen.storyboard */; };
		0B71EF822260FE090046C895 /* RestaurantsModel.swift in Sources */ = {isa = PBXBuildFile; fileRef = 0B71EF812260FE090046C895 /* RestaurantsModel.swift */; };
		0B71EF842260FF130046C895 /* RestaurantData.swift in Sources */ = {isa = PBXBuildFile; fileRef = 0B71EF832260FF130046C895 /* RestaurantData.swift */; };
		0B71EF86226100430046C895 /* SelectRestaurantTableViewController.swift in Sources */ = {isa = PBXBuildFile; fileRef = 0B71EF85226100430046C895 /* SelectRestaurantTableViewController.swift */; };
		0BB68CF2226D6DB0002C6D83 /* OrderFoodViewController.swift in Sources */ = {isa = PBXBuildFile; fileRef = 0BB68CF1226D6DB0002C6D83 /* OrderFoodViewController.swift */; };
		0BD0B78D225C362A00DD584B /* CustomCellTableViewCell.swift in Sources */ = {isa = PBXBuildFile; fileRef = 0BD0B78B225C362A00DD584B /* CustomCellTableViewCell.swift */; };
		0BD0B78E225C362A00DD584B /* CustomCellTableViewCell.xib in Resources */ = {isa = PBXBuildFile; fileRef = 0BD0B78C225C362A00DD584B /* CustomCellTableViewCell.xib */; };
		253E0BB3E9EADFF8E105A082 /* Pods_FoodCrate.framework in Frameworks */ = {isa = PBXBuildFile; fileRef = D74D0F09EFE39F6E9D612287 /* Pods_FoodCrate.framework */; };
/* End PBXBuildFile section */

/* Begin PBXFileReference section */
		07D0C274A7C6EDB103C549AE /* Pods-FoodCrate.release.xcconfig */ = {isa = PBXFileReference; includeInIndex = 1; lastKnownFileType = text.xcconfig; name = "Pods-FoodCrate.release.xcconfig"; path = "Pods/Target Support Files/Pods-FoodCrate/Pods-FoodCrate.release.xcconfig"; sourceTree = "<group>"; };
		0B386E2722837322002B27C0 /* DLRadioButton.framework */ = {isa = PBXFileReference; explicitFileType = wrapper.framework; path = DLRadioButton.framework; sourceTree = BUILT_PRODUCTS_DIR; };
		0B49096F226522320049BE2E /* MenuModel.swift */ = {isa = PBXFileReference; lastKnownFileType = sourcecode.swift; path = MenuModel.swift; sourceTree = "<group>"; };
		0B490971226522DE0049BE2E /* MenuData.swift */ = {isa = PBXFileReference; lastKnownFileType = sourcecode.swift; path = MenuData.swift; sourceTree = "<group>"; };
		0B49097322678BD40049BE2E /* SelectFoodItemTableViewController.swift */ = {isa = PBXFileReference; lastKnownFileType = sourcecode.swift; path = SelectFoodItemTableViewController.swift; sourceTree = "<group>"; };
		0B4F224D2257AD8A00995DAB /* FoodCrate.app */ = {isa = PBXFileReference; explicitFileType = wrapper.application; includeInIndex = 0; path = FoodCrate.app; sourceTree = BUILT_PRODUCTS_DIR; };
		0B4F22502257AD8B00995DAB /* AppDelegate.swift */ = {isa = PBXFileReference; lastKnownFileType = sourcecode.swift; path = AppDelegate.swift; sourceTree = "<group>"; };
		0B4F22522257AD8B00995DAB /* ViewController.swift */ = {isa = PBXFileReference; lastKnownFileType = sourcecode.swift; path = ViewController.swift; sourceTree = "<group>"; };
		0B4F22552257AD8B00995DAB /* Base */ = {isa = PBXFileReference; lastKnownFileType = file.storyboard; name = Base; path = Base.lproj/Main.storyboard; sourceTree = "<group>"; };
		0B4F22572257AD9800995DAB /* Assets.xcassets */ = {isa = PBXFileReference; lastKnownFileType = folder.assetcatalog; path = Assets.xcassets; sourceTree = "<group>"; };
		0B4F225A2257AD9800995DAB /* Base */ = {isa = PBXFileReference; lastKnownFileType = file.storyboard; name = Base; path = Base.lproj/LaunchScreen.storyboard; sourceTree = "<group>"; };
		0B4F225C2257AD9800995DAB /* Info.plist */ = {isa = PBXFileReference; lastKnownFileType = text.plist.xml; path = Info.plist; sourceTree = "<group>"; };
		0B71EF812260FE090046C895 /* RestaurantsModel.swift */ = {isa = PBXFileReference; lastKnownFileType = sourcecode.swift; path = RestaurantsModel.swift; sourceTree = "<group>"; };
		0B71EF832260FF130046C895 /* RestaurantData.swift */ = {isa = PBXFileReference; lastKnownFileType = sourcecode.swift; path = RestaurantData.swift; sourceTree = "<group>"; };
		0B71EF85226100430046C895 /* SelectRestaurantTableViewController.swift */ = {isa = PBXFileReference; lastKnownFileType = sourcecode.swift; path = SelectRestaurantTableViewController.swift; sourceTree = "<group>"; };
		0BB68CF1226D6DB0002C6D83 /* OrderFoodViewController.swift */ = {isa = PBXFileReference; lastKnownFileType = sourcecode.swift; path = OrderFoodViewController.swift; sourceTree = "<group>"; };
		0BD0B78B225C362A00DD584B /* CustomCellTableViewCell.swift */ = {isa = PBXFileReference; lastKnownFileType = sourcecode.swift; path = CustomCellTableViewCell.swift; sourceTree = "<group>"; };
		0BD0B78C225C362A00DD584B /* CustomCellTableViewCell.xib */ = {isa = PBXFileReference; lastKnownFileType = file.xib; path = CustomCellTableViewCell.xib; sourceTree = "<group>"; };
		3D68EAD43A9405D7D4F92DEB /* Pods-FoodCrate.debug.xcconfig */ = {isa = PBXFileReference; includeInIndex = 1; lastKnownFileType = text.xcconfig; name = "Pods-FoodCrate.debug.xcconfig"; path = "Pods/Target Support Files/Pods-FoodCrate/Pods-FoodCrate.debug.xcconfig"; sourceTree = "<group>"; };
		D74D0F09EFE39F6E9D612287 /* Pods_FoodCrate.framework */ = {isa = PBXFileReference; explicitFileType = wrapper.framework; includeInIndex = 0; path = Pods_FoodCrate.framework; sourceTree = BUILT_PRODUCTS_DIR; };
/* End PBXFileReference section */

/* Begin PBXFrameworksBuildPhase section */
		0B4F224A2257AD8A00995DAB /* Frameworks */ = {
			isa = PBXFrameworksBuildPhase;
			buildActionMask = 2147483647;
			files = (
				0B386E2822837322002B27C0 /* DLRadioButton.framework in Frameworks */,
				253E0BB3E9EADFF8E105A082 /* Pods_FoodCrate.framework in Frameworks */,
			);
			runOnlyForDeploymentPostprocessing = 0;
		};
/* End PBXFrameworksBuildPhase section */

/* Begin PBXGroup section */
		0B4F22442257AD8A00995DAB = {
			isa = PBXGroup;
			children = (
				0B4F224F2257AD8A00995DAB /* FoodCrate */,
				0B4F224E2257AD8A00995DAB /* Products */,
				BA4F80B3BA06F68D7B877C3F /* Pods */,
				495B2C3D942DD042E298D807 /* Frameworks */,
			);
			sourceTree = "<group>";
		};
		0B4F224E2257AD8A00995DAB /* Products */ = {
			isa = PBXGroup;
			children = (
				0B4F224D2257AD8A00995DAB /* FoodCrate.app */,
			);
			name = Products;
			sourceTree = "<group>";
		};
		0B4F224F2257AD8A00995DAB /* FoodCrate */ = {
			isa = PBXGroup;
			children = (
				0B4F22502257AD8B00995DAB /* AppDelegate.swift */,
				0B4F2262225C2B4C00995DAB /* Model */,
				0B4F2264225C2B8300995DAB /* Control */,
				0B4F2263225C2B7100995DAB /* View */,
				0B4F22572257AD9800995DAB /* Assets.xcassets */,
				0B4F22592257AD9800995DAB /* LaunchScreen.storyboard */,
				0B4F225C2257AD9800995DAB /* Info.plist */,
			);
			path = FoodCrate;
			sourceTree = "<group>";
		};
		0B4F2262225C2B4C00995DAB /* Model */ = {
			isa = PBXGroup;
			children = (
				0B71EF812260FE090046C895 /* RestaurantsModel.swift */,
				0B71EF832260FF130046C895 /* RestaurantData.swift */,
				0B49096F226522320049BE2E /* MenuModel.swift */,
				0B490971226522DE0049BE2E /* MenuData.swift */,
			);
			path = Model;
			sourceTree = "<group>";
		};
		0B4F2263225C2B7100995DAB /* View */ = {
			isa = PBXGroup;
			children = (
				0B4F22542257AD8B00995DAB /* Main.storyboard */,
				0BD0B78B225C362A00DD584B /* CustomCellTableViewCell.swift */,
				0BD0B78C225C362A00DD584B /* CustomCellTableViewCell.xib */,
			);
			path = View;
			sourceTree = "<group>";
		};
		0B4F2264225C2B8300995DAB /* Control */ = {
			isa = PBXGroup;
			children = (
				0B71EF85226100430046C895 /* SelectRestaurantTableViewController.swift */,
				0B49097322678BD40049BE2E /* SelectFoodItemTableViewController.swift */,
				0BB68CF1226D6DB0002C6D83 /* OrderFoodViewController.swift */,
				0B4F22522257AD8B00995DAB /* ViewController.swift */,
			);
			path = Control;
			sourceTree = "<group>";
		};
		495B2C3D942DD042E298D807 /* Frameworks */ = {
			isa = PBXGroup;
			children = (
				0B386E2722837322002B27C0 /* DLRadioButton.framework */,
				D74D0F09EFE39F6E9D612287 /* Pods_FoodCrate.framework */,
			);
			name = Frameworks;
			sourceTree = "<group>";
		};
		BA4F80B3BA06F68D7B877C3F /* Pods */ = {
			isa = PBXGroup;
			children = (
				3D68EAD43A9405D7D4F92DEB /* Pods-FoodCrate.debug.xcconfig */,
				07D0C274A7C6EDB103C549AE /* Pods-FoodCrate.release.xcconfig */,
			);
			name = Pods;
			sourceTree = "<group>";
		};
/* End PBXGroup section */

/* Begin PBXNativeTarget section */
		0B4F224C2257AD8A00995DAB /* FoodCrate */ = {
			isa = PBXNativeTarget;
			buildConfigurationList = 0B4F225F2257AD9800995DAB /* Build configuration list for PBXNativeTarget "FoodCrate" */;
			buildPhases = (
				FECCB95372BF7FC24145AB59 /* [CP] Check Pods Manifest.lock */,
				0B4F22492257AD8A00995DAB /* Sources */,
				0B4F224A2257AD8A00995DAB /* Frameworks */,
				0B4F224B2257AD8A00995DAB /* Resources */,
				3B9ABDDD17D7843B3FEF9D08 /* [CP] Embed Pods Frameworks */,
				1B35BA4796170C7F55DEB1E7 /* [CP] Copy Pods Resources */,
			);
			buildRules = (
			);
			dependencies = (
			);
			name = FoodCrate;
			productName = FoodCrate;
			productReference = 0B4F224D2257AD8A00995DAB /* FoodCrate.app */;
			productType = "com.apple.product-type.application";
		};
/* End PBXNativeTarget section */

/* Begin PBXProject section */
		0B4F22452257AD8A00995DAB /* Project object */ = {
			isa = PBXProject;
			attributes = {
				LastSwiftUpdateCheck = 1010;
				LastUpgradeCheck = 1010;
				ORGANIZATIONNAME = "Brandon Man";
				TargetAttributes = {
					0B4F224C2257AD8A00995DAB = {
						CreatedOnToolsVersion = 10.1;
						LastSwiftMigration = 1020;
					};
				};
			};
			buildConfigurationList = 0B4F22482257AD8A00995DAB /* Build configuration list for PBXProject "FoodCrate" */;
			compatibilityVersion = "Xcode 9.3";
			developmentRegion = en;
			hasScannedForEncodings = 0;
			knownRegions = (
				en,
				Base,
			);
			mainGroup = 0B4F22442257AD8A00995DAB;
			productRefGroup = 0B4F224E2257AD8A00995DAB /* Products */;
			projectDirPath = "";
			projectRoot = "";
			targets = (
				0B4F224C2257AD8A00995DAB /* FoodCrate */,
			);
		};
/* End PBXProject section */

/* Begin PBXResourcesBuildPhase section */
		0B4F224B2257AD8A00995DAB /* Resources */ = {
			isa = PBXResourcesBuildPhase;
			buildActionMask = 2147483647;
			files = (
				0B4F225B2257AD9800995DAB /* LaunchScreen.storyboard in Resources */,
				0B4F22582257AD9800995DAB /* Assets.xcassets in Resources */,
				0BD0B78E225C362A00DD584B /* CustomCellTableViewCell.xib in Resources */,
				0B4F22562257AD8B00995DAB /* Main.storyboard in Resources */,
			);
			runOnlyForDeploymentPostprocessing = 0;
		};
/* End PBXResourcesBuildPhase section */

/* Begin PBXShellScriptBuildPhase section */
		1B35BA4796170C7F55DEB1E7 /* [CP] Copy Pods Resources */ = {
			isa = PBXShellScriptBuildPhase;
			buildActionMask = 2147483647;
			files = (
			);
			inputFileListPaths = (
			);
			inputPaths = (
				"${SRCROOT}/Pods/Target Support Files/Pods-FoodCrate/Pods-FoodCrate-resources.sh",
				"${PODS_ROOT}/GoogleSignIn/Resources/GoogleSignIn.bundle",
			);
			name = "[CP] Copy Pods Resources";
			outputFileListPaths = (
			);
			outputPaths = (
				"${TARGET_BUILD_DIR}/${UNLOCALIZED_RESOURCES_FOLDER_PATH}/GoogleSignIn.bundle",
			);
			runOnlyForDeploymentPostprocessing = 0;
			shellPath = /bin/sh;
			shellScript = "\"${SRCROOT}/Pods/Target Support Files/Pods-FoodCrate/Pods-FoodCrate-resources.sh\"\n";
			showEnvVarsInLog = 0;
		};
		3B9ABDDD17D7843B3FEF9D08 /* [CP] Embed Pods Frameworks */ = {
			isa = PBXShellScriptBuildPhase;
			buildActionMask = 2147483647;
			files = (
			);
			inputFileListPaths = (
			);
			inputPaths = (
				"${SRCROOT}/Pods/Target Support Files/Pods-FoodCrate/Pods-FoodCrate-frameworks.sh",
				"${BUILT_PRODUCTS_DIR}/Alamofire/Alamofire.framework",
				"${BUILT_PRODUCTS_DIR}/DLRadioButton/DLRadioButton.framework",
				"${BUILT_PRODUCTS_DIR}/GTMSessionFetcher/GTMSessionFetcher.framework",
				"${BUILT_PRODUCTS_DIR}/GoogleAPIClientForREST/GoogleAPIClientForREST.framework",
				"${BUILT_PRODUCTS_DIR}/GoogleToolboxForMac/GoogleToolboxForMac.framework",
			);
			name = "[CP] Embed Pods Frameworks";
			outputFileListPaths = (
			);
			outputPaths = (
				"${TARGET_BUILD_DIR}/${FRAMEWORKS_FOLDER_PATH}/Alamofire.framework",
				"${TARGET_BUILD_DIR}/${FRAMEWORKS_FOLDER_PATH}/DLRadioButton.framework",
				"${TARGET_BUILD_DIR}/${FRAMEWORKS_FOLDER_PATH}/GTMSessionFetcher.framework",
				"${TARGET_BUILD_DIR}/${FRAMEWORKS_FOLDER_PATH}/GoogleAPIClientForREST.framework",
				"${TARGET_BUILD_DIR}/${FRAMEWORKS_FOLDER_PATH}/GoogleToolboxForMac.framework",
			);
			runOnlyForDeploymentPostprocessing = 0;
			shellPath = /bin/sh;
			shellScript = "\"${SRCROOT}/Pods/Target Support Files/Pods-FoodCrate/Pods-FoodCrate-frameworks.sh\"\n";
			showEnvVarsInLog = 0;
		};
		FECCB95372BF7FC24145AB59 /* [CP] Check Pods Manifest.lock */ = {
			isa = PBXShellScriptBuildPhase;
			buildActionMask = 2147483647;
			files = (
			);
			inputFileListPaths = (
			);
			inputPaths = (
				"${PODS_PODFILE_DIR_PATH}/Podfile.lock",
				"${PODS_ROOT}/Manifest.lock",
			);
			name = "[CP] Check Pods Manifest.lock";
			outputFileListPaths = (
			);
			outputPaths = (
				"$(DERIVED_FILE_DIR)/Pods-FoodCrate-checkManifestLockResult.txt",
			);
			runOnlyForDeploymentPostprocessing = 0;
			shellPath = /bin/sh;
			shellScript = "diff \"${PODS_PODFILE_DIR_PATH}/Podfile.lock\" \"${PODS_ROOT}/Manifest.lock\" > /dev/null\nif [ $? != 0 ] ; then\n    # print error to STDERR\n    echo \"error: The sandbox is not in sync with the Podfile.lock. Run 'pod install' or update your CocoaPods installation.\" >&2\n    exit 1\nfi\n# This output is used by Xcode 'outputs' to avoid re-running this script phase.\necho \"SUCCESS\" > \"${SCRIPT_OUTPUT_FILE_0}\"\n";
			showEnvVarsInLog = 0;
		};
/* End PBXShellScriptBuildPhase section */

/* Begin PBXSourcesBuildPhase section */
		0B4F22492257AD8A00995DAB /* Sources */ = {
			isa = PBXSourcesBuildPhase;
			buildActionMask = 2147483647;
			files = (
				0B490972226522DE0049BE2E /* MenuData.swift in Sources */,
				0B4F22532257AD8B00995DAB /* ViewController.swift in Sources */,
				0B71EF842260FF130046C895 /* RestaurantData.swift in Sources */,
				0BB68CF2226D6DB0002C6D83 /* OrderFoodViewController.swift in Sources */,
				0B49097422678BD40049BE2E /* SelectFoodItemTableViewController.swift in Sources */,
				0B71EF86226100430046C895 /* SelectRestaurantTableViewController.swift in Sources */,
				0B490970226522320049BE2E /* MenuModel.swift in Sources */,
				0B71EF822260FE090046C895 /* RestaurantsModel.swift in Sources */,
				0B4F22512257AD8B00995DAB /* AppDelegate.swift in Sources */,
				0BD0B78D225C362A00DD584B /* CustomCellTableViewCell.swift in Sources */,
			);
			runOnlyForDeploymentPostprocessing = 0;
		};
/* End PBXSourcesBuildPhase section */

/* Begin PBXVariantGroup section */
		0B4F22542257AD8B00995DAB /* Main.storyboard */ = {
			isa = PBXVariantGroup;
			children = (
				0B4F22552257AD8B00995DAB /* Base */,
			);
			name = Main.storyboard;
			sourceTree = "<group>";
		};
		0B4F22592257AD9800995DAB /* LaunchScreen.storyboard */ = {
			isa = PBXVariantGroup;
			children = (
				0B4F225A2257AD9800995DAB /* Base */,
			);
			name = LaunchScreen.storyboard;
			sourceTree = "<group>";
		};
/* End PBXVariantGroup section */

/* Begin XCBuildConfiguration section */
		0B4F225D2257AD9800995DAB /* Debug */ = {
			isa = XCBuildConfiguration;
			buildSettings = {
				ALWAYS_SEARCH_USER_PATHS = NO;
				CLANG_ANALYZER_NONNULL = YES;
				CLANG_ANALYZER_NUMBER_OBJECT_CONVERSION = YES_AGGRESSIVE;
				CLANG_CXX_LANGUAGE_STANDARD = "gnu++14";
				CLANG_CXX_LIBRARY = "libc++";
				CLANG_ENABLE_MODULES = YES;
				CLANG_ENABLE_OBJC_ARC = YES;
				CLANG_ENABLE_OBJC_WEAK = YES;
				CLANG_WARN_BLOCK_CAPTURE_AUTORELEASING = YES;
				CLANG_WARN_BOOL_CONVERSION = YES;
				CLANG_WARN_COMMA = YES;
				CLANG_WARN_CONSTANT_CONVERSION = YES;
				CLANG_WARN_DEPRECATED_OBJC_IMPLEMENTATIONS = YES;
				CLANG_WARN_DIRECT_OBJC_ISA_USAGE = YES_ERROR;
				CLANG_WARN_DOCUMENTATION_COMMENTS = YES;
				CLANG_WARN_EMPTY_BODY = YES;
				CLANG_WARN_ENUM_CONVERSION = YES;
				CLANG_WARN_INFINITE_RECURSION = YES;
				CLANG_WARN_INT_CONVERSION = YES;
				CLANG_WARN_NON_LITERAL_NULL_CONVERSION = YES;
				CLANG_WARN_OBJC_IMPLICIT_RETAIN_SELF = YES;
				CLANG_WARN_OBJC_LITERAL_CONVERSION = YES;
				CLANG_WARN_OBJC_ROOT_CLASS = YES_ERROR;
				CLANG_WARN_RANGE_LOOP_ANALYSIS = YES;
				CLANG_WARN_STRICT_PROTOTYPES = YES;
				CLANG_WARN_SUSPICIOUS_MOVE = YES;
				CLANG_WARN_UNGUARDED_AVAILABILITY = YES_AGGRESSIVE;
				CLANG_WARN_UNREACHABLE_CODE = YES;
				CLANG_WARN__DUPLICATE_METHOD_MATCH = YES;
				CODE_SIGN_IDENTITY = "iPhone Developer";
				COPY_PHASE_STRIP = NO;
				DEBUG_INFORMATION_FORMAT = dwarf;
				ENABLE_STRICT_OBJC_MSGSEND = YES;
				ENABLE_TESTABILITY = YES;
				GCC_C_LANGUAGE_STANDARD = gnu11;
				GCC_DYNAMIC_NO_PIC = NO;
				GCC_NO_COMMON_BLOCKS = YES;
				GCC_OPTIMIZATION_LEVEL = 0;
				GCC_PREPROCESSOR_DEFINITIONS = (
					"DEBUG=1",
					"$(inherited)",
				);
				GCC_WARN_64_TO_32_BIT_CONVERSION = YES;
				GCC_WARN_ABOUT_RETURN_TYPE = YES_ERROR;
				GCC_WARN_UNDECLARED_SELECTOR = YES;
				GCC_WARN_UNINITIALIZED_AUTOS = YES_AGGRESSIVE;
				GCC_WARN_UNUSED_FUNCTION = YES;
				GCC_WARN_UNUSED_VARIABLE = YES;
				IPHONEOS_DEPLOYMENT_TARGET = 12.1;
				MTL_ENABLE_DEBUG_INFO = INCLUDE_SOURCE;
				MTL_FAST_MATH = YES;
				ONLY_ACTIVE_ARCH = YES;
				SDKROOT = iphoneos;
				SWIFT_ACTIVE_COMPILATION_CONDITIONS = DEBUG;
				SWIFT_OPTIMIZATION_LEVEL = "-Onone";
			};
			name = Debug;
		};
		0B4F225E2257AD9800995DAB /* Release */ = {
			isa = XCBuildConfiguration;
			buildSettings = {
				ALWAYS_SEARCH_USER_PATHS = NO;
				CLANG_ANALYZER_NONNULL = YES;
				CLANG_ANALYZER_NUMBER_OBJECT_CONVERSION = YES_AGGRESSIVE;
				CLANG_CXX_LANGUAGE_STANDARD = "gnu++14";
				CLANG_CXX_LIBRARY = "libc++";
				CLANG_ENABLE_MODULES = YES;
				CLANG_ENABLE_OBJC_ARC = YES;
				CLANG_ENABLE_OBJC_WEAK = YES;
				CLANG_WARN_BLOCK_CAPTURE_AUTORELEASING = YES;
				CLANG_WARN_BOOL_CONVERSION = YES;
				CLANG_WARN_COMMA = YES;
				CLANG_WARN_CONSTANT_CONVERSION = YES;
				CLANG_WARN_DEPRECATED_OBJC_IMPLEMENTATIONS = YES;
				CLANG_WARN_DIRECT_OBJC_ISA_USAGE = YES_ERROR;
				CLANG_WARN_DOCUMENTATION_COMMENTS = YES;
				CLANG_WARN_EMPTY_BODY = YES;
				CLANG_WARN_ENUM_CONVERSION = YES;
				CLANG_WARN_INFINITE_RECURSION = YES;
				CLANG_WARN_INT_CONVERSION = YES;
				CLANG_WARN_NON_LITERAL_NULL_CONVERSION = YES;
				CLANG_WARN_OBJC_IMPLICIT_RETAIN_SELF = YES;
				CLANG_WARN_OBJC_LITERAL_CONVERSION = YES;
				CLANG_WARN_OBJC_ROOT_CLASS = YES_ERROR;
				CLANG_WARN_RANGE_LOOP_ANALYSIS = YES;
				CLANG_WARN_STRICT_PROTOTYPES = YES;
				CLANG_WARN_SUSPICIOUS_MOVE = YES;
				CLANG_WARN_UNGUARDED_AVAILABILITY = YES_AGGRESSIVE;
				CLANG_WARN_UNREACHABLE_CODE = YES;
				CLANG_WARN__DUPLICATE_METHOD_MATCH = YES;
				CODE_SIGN_IDENTITY = "iPhone Developer";
				COPY_PHASE_STRIP = NO;
				DEBUG_INFORMATION_FORMAT = "dwarf-with-dsym";
				ENABLE_NS_ASSERTIONS = NO;
				ENABLE_STRICT_OBJC_MSGSEND = YES;
				GCC_C_LANGUAGE_STANDARD = gnu11;
				GCC_NO_COMMON_BLOCKS = YES;
				GCC_WARN_64_TO_32_BIT_CONVERSION = YES;
				GCC_WARN_ABOUT_RETURN_TYPE = YES_ERROR;
				GCC_WARN_UNDECLARED_SELECTOR = YES;
				GCC_WARN_UNINITIALIZED_AUTOS = YES_AGGRESSIVE;
				GCC_WARN_UNUSED_FUNCTION = YES;
				GCC_WARN_UNUSED_VARIABLE = YES;
				IPHONEOS_DEPLOYMENT_TARGET = 12.1;
				MTL_ENABLE_DEBUG_INFO = NO;
				MTL_FAST_MATH = YES;
				SDKROOT = iphoneos;
				SWIFT_COMPILATION_MODE = wholemodule;
				SWIFT_OPTIMIZATION_LEVEL = "-O";
				VALIDATE_PRODUCT = YES;
			};
			name = Release;
		};
		0B4F22602257AD9800995DAB /* Debug */ = {
			isa = XCBuildConfiguration;
			baseConfigurationReference = 3D68EAD43A9405D7D4F92DEB /* Pods-FoodCrate.debug.xcconfig */;
			buildSettings = {
				ASSETCATALOG_COMPILER_APPICON_NAME = AppIcon;
				CODE_SIGN_IDENTITY = "iPhone Developer";
				CODE_SIGN_STYLE = Automatic;
				DEVELOPMENT_TEAM = N582TJ9X3R;
				INFOPLIST_FILE = FoodCrate/Info.plist;
				LD_RUNPATH_SEARCH_PATHS = (
					"$(inherited)",
					"@executable_path/Frameworks",
				);
				PRODUCT_BUNDLE_IDENTIFIER = org.cate.cs.FoodCrate;
				PRODUCT_NAME = "$(TARGET_NAME)";
				PROVISIONING_PROFILE_SPECIFIER = "";
				SWIFT_VERSION = 5.0;
				TARGETED_DEVICE_FAMILY = "1,2";
			};
			name = Debug;
		};
		0B4F22612257AD9800995DAB /* Release */ = {
			isa = XCBuildConfiguration;
			baseConfigurationReference = 07D0C274A7C6EDB103C549AE /* Pods-FoodCrate.release.xcconfig */;
			buildSettings = {
				ASSETCATALOG_COMPILER_APPICON_NAME = AppIcon;
				CODE_SIGN_IDENTITY = "iPhone Developer";
				CODE_SIGN_STYLE = Automatic;
				DEVELOPMENT_TEAM = N582TJ9X3R;
				INFOPLIST_FILE = FoodCrate/Info.plist;
				LD_RUNPATH_SEARCH_PATHS = (
					"$(inherited)",
					"@executable_path/Frameworks",
				);
				PRODUCT_BUNDLE_IDENTIFIER = org.cate.cs.FoodCrate;
				PRODUCT_NAME = "$(TARGET_NAME)";
				PROVISIONING_PROFILE_SPECIFIER = "";
				SWIFT_VERSION = 5.0;
				TARGETED_DEVICE_FAMILY = "1,2";
			};
			name = Release;
		};
/* End XCBuildConfiguration section */

/* Begin XCConfigurationList section */
		0B4F22482257AD8A00995DAB /* Build configuration list for PBXProject "FoodCrate" */ = {
			isa = XCConfigurationList;
			buildConfigurations = (
				0B4F225D2257AD9800995DAB /* Debug */,
				0B4F225E2257AD9800995DAB /* Release */,
			);
			defaultConfigurationIsVisible = 0;
			defaultConfigurationName = Release;
		};
		0B4F225F2257AD9800995DAB /* Build configuration list for PBXNativeTarget "FoodCrate" */ = {
			isa = XCConfigurationList;
			buildConfigurations = (
				0B4F22602257AD9800995DAB /* Debug */,
				0B4F22612257AD9800995DAB /* Release */,
			);
			defaultConfigurationIsVisible = 0;
			defaultConfigurationName = Release;
		};
/* End XCConfigurationList section */
	};
	rootObject = 0B4F22452257AD8A00995DAB /* Project object */;
}
